
Microsoft Visual Studio Solution File, Format Version 12.00
Project("{FAE04EC0-301F-11D3-BF4B-00C04F79EFBC}") = "WebApp", "WebApp\WebApp.csproj", "{29D2D9CD-DCD9-43E0-B657-126B786CDDBC}"
EndProject
Project("{2150E333-8FDC-42A3-9474-1A3956D46DE8}") = "APP", "APP", "{65E42603-032C-41C2-A20C-094FE2E3E8A2}"
EndProject
Project("{2150E333-8FDC-42A3-9474-1A3956D46DE8}") = "BASE", "BASE", "{0A8E2083-F710-4FCE-B7DF-257458D61723}"
EndProject
Project("{FAE04EC0-301F-11D3-BF4B-00C04F79EFBC}") = "Domain.Base", "Domain.Base\Domain.Base.csproj", "{FC9C7D09-7881-4C1F-801B-937FA71567BC}"
EndProject
Project("{2150E333-8FDC-42A3-9474-1A3956D46DE8}") = "Contracts", "Contracts", "{9F4CB0B9-FEDA-4C7F-BCC4-4AE2C53FC233}"
EndProject
Project("{FAE04EC0-301F-11D3-BF4B-00C04F79EFBC}") = "Domain.Contracts.Base", "Domain.Contracts.Base\Domain.Contracts.Base.csproj", "{9736454A-7CCC-4C92-8DE0-9C058365A1E0}"
EndProject
Project("{FAE04EC0-301F-11D3-BF4B-00C04F79EFBC}") = "Domain.App", "Domain.App\Domain.App.csproj", "{7AA770BC-7833-43F9-B4F7-DE148B889A45}"
EndProject
Project("{FAE04EC0-301F-11D3-BF4B-00C04F79EFBC}") = "DAL.EF.App", "DAL.EF.App\DAL.EF.App.csproj", "{4704E830-DED8-41EB-86E2-A5F2E447D299}"
EndProject
Project("{FAE04EC0-301F-11D3-BF4B-00C04F79EFBC}") = "DAL.Contracts.Base", "DAL.Contracts.Base\DAL.Contracts.Base.csproj", "{2520D73A-6845-46D9-A057-B0D7F45860BA}"
EndProject
Project("{FAE04EC0-301F-11D3-BF4B-00C04F79EFBC}") = "DAL.EF.Base", "DAL.EF.Base\DAL.EF.Base.csproj", "{BD95F858-3193-4C9E-A745-0F59DBB6D273}"
EndProject
Project("{2150E333-8FDC-42A3-9474-1A3956D46DE8}") = "Contracts", "Contracts", "{AAA4645C-F80A-4FFE-B5C0-CD7D2192AB4E}"
EndProject
Project("{FAE04EC0-301F-11D3-BF4B-00C04F79EFBC}") = "DAL.Contracts.App", "DAL.Contracts.App\DAL.Contracts.App.csproj", "{C1A6C7A9-481F-4A99-9876-DE786A741031}"
EndProject
Project("{FAE04EC0-301F-11D3-BF4B-00C04F79EFBC}") = "Helpers.Base", "Helpers.Base\Helpers.Base.csproj", "{BD68F77C-2295-41AB-8ADA-A298E327EAA1}"
EndProject
Project("{FAE04EC0-301F-11D3-BF4B-00C04F79EFBC}") = "Tests", "Tests\Tests.csproj", "{1648B82C-7D03-4445-80D3-D93724D72778}"
EndProject
Project("{FAE04EC0-301F-11D3-BF4B-00C04F79EFBC}") = "Public.DTO", "Public.DTO\Public.DTO.csproj", "{82316291-9ADB-430C-9609-254F3F3239F4}"
EndProject
Project("{FAE04EC0-301F-11D3-BF4B-00C04F79EFBC}") = "Contracts.Base", "Contracts.Base\Contracts.Base.csproj", "{968AD1A6-6D78-46EE-8FC6-F4CB83C220A1}"
EndProject
Project("{FAE04EC0-301F-11D3-BF4B-00C04F79EFBC}") = "DAL.Base", "DAL.Base\DAL.Base.csproj", "{98B051CB-0CDC-4AB0-B199-22F16FD18F93}"
EndProject
Project("{FAE04EC0-301F-11D3-BF4B-00C04F79EFBC}") = "DAL.DTO", "DAL.DTO\DAL.DTO.csproj", "{E44803A8-5D60-45A0-9217-9DD628F4A807}"
EndProject
Project("{FAE04EC0-301F-11D3-BF4B-00C04F79EFBC}") = "BLL.Contracts.Base", "BLL.Contracts.Base\BLL.Contracts.Base.csproj", "{8EB5A419-75AC-4571-957B-B71CF74AC44B}"
EndProject
Project("{FAE04EC0-301F-11D3-BF4B-00C04F79EFBC}") = "BLL.Base", "BLL.Base\BLL.Base.csproj", "{E1F50CFB-9028-4EC7-A4CD-872FC4214806}"
EndProject
Project("{FAE04EC0-301F-11D3-BF4B-00C04F79EFBC}") = "BLL.App", "BLL.App\BLL.App.csproj", "{42BC97CF-75AD-462D-A856-C380632B7EEE}"
EndProject
Project("{FAE04EC0-301F-11D3-BF4B-00C04F79EFBC}") = "BLL.DTO", "BLL.DTO\BLL.DTO.csproj", "{8D66418B-42EE-4F26-9FF7-404AEEFB11A9}"
EndProject
Project("{FAE04EC0-301F-11D3-BF4B-00C04F79EFBC}") = "BLL.Contracts.App", "BLL.Contracts.App\BLL.Contracts.App.csproj", "{CE8CC66B-75A6-4471-9FB0-8930B0A57367}"
EndProject
Project("{2150E333-8FDC-42A3-9474-1A3956D46DE8}") = "SolutionFolder", "SolutionFolder", "{ECF9A2D0-44ED-4AC8-A5AC-85CE9A9A3F70}"
	ProjectSection(SolutionItems) = preProject
		..\.gitignore = ..\.gitignore
		..\docker-compose.yml = ..\docker-compose.yml
		..\README.md = ..\README.md
		.dockerignore = .dockerignore
		Dockerfile = Dockerfile
	EndProjectSection
EndProject
Global
	GlobalSection(SolutionConfigurationPlatforms) = preSolution
		Debug|Any CPU = Debug|Any CPU
		Release|Any CPU = Release|Any CPU
	EndGlobalSection
	GlobalSection(ProjectConfigurationPlatforms) = postSolution
		{29D2D9CD-DCD9-43E0-B657-126B786CDDBC}.Debug|Any CPU.ActiveCfg = Debug|Any CPU
		{29D2D9CD-DCD9-43E0-B657-126B786CDDBC}.Debug|Any CPU.Build.0 = Debug|Any CPU
		{29D2D9CD-DCD9-43E0-B657-126B786CDDBC}.Release|Any CPU.ActiveCfg = Release|Any CPU
		{29D2D9CD-DCD9-43E0-B657-126B786CDDBC}.Release|Any CPU.Build.0 = Release|Any CPU
		{FC9C7D09-7881-4C1F-801B-937FA71567BC}.Debug|Any CPU.ActiveCfg = Debug|Any CPU
		{FC9C7D09-7881-4C1F-801B-937FA71567BC}.Debug|Any CPU.Build.0 = Debug|Any CPU
		{FC9C7D09-7881-4C1F-801B-937FA71567BC}.Release|Any CPU.ActiveCfg = Release|Any CPU
		{FC9C7D09-7881-4C1F-801B-937FA71567BC}.Release|Any CPU.Build.0 = Release|Any CPU
		{9736454A-7CCC-4C92-8DE0-9C058365A1E0}.Debug|Any CPU.ActiveCfg = Debug|Any CPU
		{9736454A-7CCC-4C92-8DE0-9C058365A1E0}.Debug|Any CPU.Build.0 = Debug|Any CPU
		{9736454A-7CCC-4C92-8DE0-9C058365A1E0}.Release|Any CPU.ActiveCfg = Release|Any CPU
		{9736454A-7CCC-4C92-8DE0-9C058365A1E0}.Release|Any CPU.Build.0 = Release|Any CPU
		{7AA770BC-7833-43F9-B4F7-DE148B889A45}.Debug|Any CPU.ActiveCfg = Debug|Any CPU
		{7AA770BC-7833-43F9-B4F7-DE148B889A45}.Debug|Any CPU.Build.0 = Debug|Any CPU
		{7AA770BC-7833-43F9-B4F7-DE148B889A45}.Release|Any CPU.ActiveCfg = Release|Any CPU
		{7AA770BC-7833-43F9-B4F7-DE148B889A45}.Release|Any CPU.Build.0 = Release|Any CPU
		{4704E830-DED8-41EB-86E2-A5F2E447D299}.Debug|Any CPU.ActiveCfg = Debug|Any CPU
		{4704E830-DED8-41EB-86E2-A5F2E447D299}.Debug|Any CPU.Build.0 = Debug|Any CPU
		{4704E830-DED8-41EB-86E2-A5F2E447D299}.Release|Any CPU.ActiveCfg = Release|Any CPU
		{4704E830-DED8-41EB-86E2-A5F2E447D299}.Release|Any CPU.Build.0 = Release|Any CPU
		{2520D73A-6845-46D9-A057-B0D7F45860BA}.Debug|Any CPU.ActiveCfg = Debug|Any CPU
		{2520D73A-6845-46D9-A057-B0D7F45860BA}.Debug|Any CPU.Build.0 = Debug|Any CPU
		{2520D73A-6845-46D9-A057-B0D7F45860BA}.Release|Any CPU.ActiveCfg = Release|Any CPU
		{2520D73A-6845-46D9-A057-B0D7F45860BA}.Release|Any CPU.Build.0 = Release|Any CPU
		{BD95F858-3193-4C9E-A745-0F59DBB6D273}.Debug|Any CPU.ActiveCfg = Debug|Any CPU
		{BD95F858-3193-4C9E-A745-0F59DBB6D273}.Debug|Any CPU.Build.0 = Debug|Any CPU
		{BD95F858-3193-4C9E-A745-0F59DBB6D273}.Release|Any CPU.ActiveCfg = Release|Any CPU
		{BD95F858-3193-4C9E-A745-0F59DBB6D273}.Release|Any CPU.Build.0 = Release|Any CPU
		{C1A6C7A9-481F-4A99-9876-DE786A741031}.Debug|Any CPU.ActiveCfg = Debug|Any CPU
		{C1A6C7A9-481F-4A99-9876-DE786A741031}.Debug|Any CPU.Build.0 = Debug|Any CPU
		{C1A6C7A9-481F-4A99-9876-DE786A741031}.Release|Any CPU.ActiveCfg = Release|Any CPU
		{C1A6C7A9-481F-4A99-9876-DE786A741031}.Release|Any CPU.Build.0 = Release|Any CPU
		{BD68F77C-2295-41AB-8ADA-A298E327EAA1}.Debug|Any CPU.ActiveCfg = Debug|Any CPU
		{BD68F77C-2295-41AB-8ADA-A298E327EAA1}.Debug|Any CPU.Build.0 = Debug|Any CPU
		{BD68F77C-2295-41AB-8ADA-A298E327EAA1}.Release|Any CPU.ActiveCfg = Release|Any CPU
		{BD68F77C-2295-41AB-8ADA-A298E327EAA1}.Release|Any CPU.Build.0 = Release|Any CPU
		{1648B82C-7D03-4445-80D3-D93724D72778}.Debug|Any CPU.ActiveCfg = Debug|Any CPU
		{1648B82C-7D03-4445-80D3-D93724D72778}.Debug|Any CPU.Build.0 = Debug|Any CPU
		{1648B82C-7D03-4445-80D3-D93724D72778}.Release|Any CPU.ActiveCfg = Release|Any CPU
		{1648B82C-7D03-4445-80D3-D93724D72778}.Release|Any CPU.Build.0 = Release|Any CPU
		{82316291-9ADB-430C-9609-254F3F3239F4}.Debug|Any CPU.ActiveCfg = Debug|Any CPU
		{82316291-9ADB-430C-9609-254F3F3239F4}.Debug|Any CPU.Build.0 = Debug|Any CPU
		{82316291-9ADB-430C-9609-254F3F3239F4}.Release|Any CPU.ActiveCfg = Release|Any CPU
		{82316291-9ADB-430C-9609-254F3F3239F4}.Release|Any CPU.Build.0 = Release|Any CPU
		{968AD1A6-6D78-46EE-8FC6-F4CB83C220A1}.Debug|Any CPU.ActiveCfg = Debug|Any CPU
		{968AD1A6-6D78-46EE-8FC6-F4CB83C220A1}.Debug|Any CPU.Build.0 = Debug|Any CPU
		{968AD1A6-6D78-46EE-8FC6-F4CB83C220A1}.Release|Any CPU.ActiveCfg = Release|Any CPU
		{968AD1A6-6D78-46EE-8FC6-F4CB83C220A1}.Release|Any CPU.Build.0 = Release|Any CPU
		{98B051CB-0CDC-4AB0-B199-22F16FD18F93}.Debug|Any CPU.ActiveCfg = Debug|Any CPU
		{98B051CB-0CDC-4AB0-B199-22F16FD18F93}.Debug|Any CPU.Build.0 = Debug|Any CPU
		{98B051CB-0CDC-4AB0-B199-22F16FD18F93}.Release|Any CPU.ActiveCfg = Release|Any CPU
		{98B051CB-0CDC-4AB0-B199-22F16FD18F93}.Release|Any CPU.Build.0 = Release|Any CPU
		{E44803A8-5D60-45A0-9217-9DD628F4A807}.Debug|Any CPU.ActiveCfg = Debug|Any CPU
		{E44803A8-5D60-45A0-9217-9DD628F4A807}.Debug|Any CPU.Build.0 = Debug|Any CPU
		{E44803A8-5D60-45A0-9217-9DD628F4A807}.Release|Any CPU.ActiveCfg = Release|Any CPU
		{E44803A8-5D60-45A0-9217-9DD628F4A807}.Release|Any CPU.Build.0 = Release|Any CPU
		{8EB5A419-75AC-4571-957B-B71CF74AC44B}.Debug|Any CPU.ActiveCfg = Debug|Any CPU
		{8EB5A419-75AC-4571-957B-B71CF74AC44B}.Debug|Any CPU.Build.0 = Debug|Any CPU
		{8EB5A419-75AC-4571-957B-B71CF74AC44B}.Release|Any CPU.ActiveCfg = Release|Any CPU
		{8EB5A419-75AC-4571-957B-B71CF74AC44B}.Release|Any CPU.Build.0 = Release|Any CPU
		{E1F50CFB-9028-4EC7-A4CD-872FC4214806}.Debug|Any CPU.ActiveCfg = Debug|Any CPU
		{E1F50CFB-9028-4EC7-A4CD-872FC4214806}.Debug|Any CPU.Build.0 = Debug|Any CPU
		{E1F50CFB-9028-4EC7-A4CD-872FC4214806}.Release|Any CPU.ActiveCfg = Release|Any CPU
		{E1F50CFB-9028-4EC7-A4CD-872FC4214806}.Release|Any CPU.Build.0 = Release|Any CPU
		{42BC97CF-75AD-462D-A856-C380632B7EEE}.Debug|Any CPU.ActiveCfg = Debug|Any CPU
		{42BC97CF-75AD-462D-A856-C380632B7EEE}.Debug|Any CPU.Build.0 = Debug|Any CPU
		{42BC97CF-75AD-462D-A856-C380632B7EEE}.Release|Any CPU.ActiveCfg = Release|Any CPU
		{42BC97CF-75AD-462D-A856-C380632B7EEE}.Release|Any CPU.Build.0 = Release|Any CPU
		{8D66418B-42EE-4F26-9FF7-404AEEFB11A9}.Debug|Any CPU.ActiveCfg = Debug|Any CPU
		{8D66418B-42EE-4F26-9FF7-404AEEFB11A9}.Debug|Any CPU.Build.0 = Debug|Any CPU
		{8D66418B-42EE-4F26-9FF7-404AEEFB11A9}.Release|Any CPU.ActiveCfg = Release|Any CPU
		{8D66418B-42EE-4F26-9FF7-404AEEFB11A9}.Release|Any CPU.Build.0 = Release|Any CPU
		{CE8CC66B-75A6-4471-9FB0-8930B0A57367}.Debug|Any CPU.ActiveCfg = Debug|Any CPU
		{CE8CC66B-75A6-4471-9FB0-8930B0A57367}.Debug|Any CPU.Build.0 = Debug|Any CPU
		{CE8CC66B-75A6-4471-9FB0-8930B0A57367}.Release|Any CPU.ActiveCfg = Release|Any CPU
		{CE8CC66B-75A6-4471-9FB0-8930B0A57367}.Release|Any CPU.Build.0 = Release|Any CPU
	EndGlobalSection
	GlobalSection(NestedProjects) = preSolution
		{29D2D9CD-DCD9-43E0-B657-126B786CDDBC} = {65E42603-032C-41C2-A20C-094FE2E3E8A2}
		{FC9C7D09-7881-4C1F-801B-937FA71567BC} = {0A8E2083-F710-4FCE-B7DF-257458D61723}
		{9F4CB0B9-FEDA-4C7F-BCC4-4AE2C53FC233} = {0A8E2083-F710-4FCE-B7DF-257458D61723}
		{9736454A-7CCC-4C92-8DE0-9C058365A1E0} = {9F4CB0B9-FEDA-4C7F-BCC4-4AE2C53FC233}
		{7AA770BC-7833-43F9-B4F7-DE148B889A45} = {65E42603-032C-41C2-A20C-094FE2E3E8A2}
		{4704E830-DED8-41EB-86E2-A5F2E447D299} = {65E42603-032C-41C2-A20C-094FE2E3E8A2}
		{2520D73A-6845-46D9-A057-B0D7F45860BA} = {9F4CB0B9-FEDA-4C7F-BCC4-4AE2C53FC233}
		{BD95F858-3193-4C9E-A745-0F59DBB6D273} = {0A8E2083-F710-4FCE-B7DF-257458D61723}
		{AAA4645C-F80A-4FFE-B5C0-CD7D2192AB4E} = {65E42603-032C-41C2-A20C-094FE2E3E8A2}
		{C1A6C7A9-481F-4A99-9876-DE786A741031} = {AAA4645C-F80A-4FFE-B5C0-CD7D2192AB4E}
		{BD68F77C-2295-41AB-8ADA-A298E327EAA1} = {0A8E2083-F710-4FCE-B7DF-257458D61723}
		{1648B82C-7D03-4445-80D3-D93724D72778} = {65E42603-032C-41C2-A20C-094FE2E3E8A2}
		{82316291-9ADB-430C-9609-254F3F3239F4} = {65E42603-032C-41C2-A20C-094FE2E3E8A2}
		{968AD1A6-6D78-46EE-8FC6-F4CB83C220A1} = {9F4CB0B9-FEDA-4C7F-BCC4-4AE2C53FC233}
		{98B051CB-0CDC-4AB0-B199-22F16FD18F93} = {0A8E2083-F710-4FCE-B7DF-257458D61723}
		{E44803A8-5D60-45A0-9217-9DD628F4A807} = {65E42603-032C-41C2-A20C-094FE2E3E8A2}
		{8EB5A419-75AC-4571-957B-B71CF74AC44B} = {9F4CB0B9-FEDA-4C7F-BCC4-4AE2C53FC233}
		{E1F50CFB-9028-4EC7-A4CD-872FC4214806} = {0A8E2083-F710-4FCE-B7DF-257458D61723}
		{42BC97CF-75AD-462D-A856-C380632B7EEE} = {65E42603-032C-41C2-A20C-094FE2E3E8A2}
		{8D66418B-42EE-4F26-9FF7-404AEEFB11A9} = {65E42603-032C-41C2-A20C-094FE2E3E8A2}
		{CE8CC66B-75A6-4471-9FB0-8930B0A57367} = {AAA4645C-F80A-4FFE-B5C0-CD7D2192AB4E}
	EndGlobalSection
EndGlobal
